// !$*UTF8*$!
{
	archiveVersion = 1;
	classes = {
	};
	objectVersion = 77;
	objects = {

/* Begin PBXFileReference section */
		2A0AF16D2D9194BC001F7326 /* makefile */ = {isa = PBXFileReference; lastKnownFileType = sourcecode.make; path = makefile; sourceTree = "<group>"; };
/* End PBXFileReference section */

/* Begin PBXFileSystemSynchronizedRootGroup section */
		2A0AF16A2D91934D001F7326 /* src */ = {
			isa = PBXFileSystemSynchronizedRootGroup;
			path = src;
			sourceTree = "<group>";
		};
		2A0AF16E2D91DC26001F7326 /* examples */ = {
			isa = PBXFileSystemSynchronizedRootGroup;
			path = examples;
			sourceTree = "<group>";
		};
/* End PBXFileSystemSynchronizedRootGroup section */

/* Begin PBXGroup section */
		2A0AF1632D9192E2001F7326 = {
			isa = PBXGroup;
			children = (
				2A0AF16E2D91DC26001F7326 /* examples */,
				2A0AF16D2D9194BC001F7326 /* makefile */,
				2A0AF16A2D91934D001F7326 /* src */,
			);
			sourceTree = "<group>";
		};
/* End PBXGroup section */

/* Begin PBXProject section */
		2A0AF1642D9192E2001F7326 /* Project object */ = {
			isa = PBXProject;
			attributes = {
				BuildIndependentTargetsInParallel = 1;
				LastUpgradeCheck = 1600;
			};
			buildConfigurationList = 2A0AF1672D9192E2001F7326 /* Build configuration list for PBXProject "nimc" */;
			developmentRegion = en;
			hasScannedForEncodings = 0;
			knownRegions = (
				en,
				Base,
			);
			mainGroup = 2A0AF1632D9192E2001F7326;
			minimizedProjectReferenceProxies = 1;
			preferredProjectObjectVersion = 77;
			projectDirPath = "";
			projectRoot = "";
			targets = (
			);
		};
/* End PBXProject section */

/* Begin XCBuildConfiguration section */
		2A0AF1682D9192E2001F7326 /* Debug */ = {
			isa = XCBuildConfiguration;
			buildSettings = {
			};
			name = Debug;
		};
		2A0AF1692D9192E2001F7326 /* Release */ = {
			isa = XCBuildConfiguration;
			buildSettings = {
			};
			name = Release;
		};
/* End XCBuildConfiguration section */

/* Begin XCConfigurationList section */
		2A0AF1672D9192E2001F7326 /* Build configuration list for PBXProject "nimc" */ = {
			isa = XCConfigurationList;
			buildConfigurations = (
				2A0AF1682D9192E2001F7326 /* Debug */,
				2A0AF1692D9192E2001F7326 /* Release */,
			);
			defaultConfigurationIsVisible = 0;
			defaultConfigurationName = Release;
		};
/* End XCConfigurationList section */
	};
	rootObject = 2A0AF1642D9192E2001F7326 /* Project object */;
}
